
Microsoft Visual Studio Solution File, Format Version 12.00
# Visual Studio Version 17
VisualStudioVersion = 17.14.36930.0
MinimumVisualStudioVersion = 10.0.40219.1
Project("{8BC9CEB8-8B4A-11D0-8D11-00A0C91BC942}") = "Project II Slider Game", "Project II Slider Game\Project II Slider Game.vcxproj", "{1FE684B2-0EAD-4977-A2B8-D407FC40F180}"
EndProject
Project("{8BC9CEB8-8B4A-11D0-8D11-00A0C91BC942}") = "UnitTests", "UnitTests\UnitTests.vcxproj", "{50E4480E-316F-C5F6-131B-DDDC92AB14F8}"
EndProject
Project("{8BC9CEB8-8B4A-11D0-8D11-00A0C91BC942}") = "GraphicsVersion", "GraphicsVersion\GraphicsVersion.vcxproj", "{8609B0CA-1A25-4227-90DC-B07C51238BB0}"
EndProject
Global
	GlobalSection(SolutionConfigurationPlatforms) = preSolution
		Debug|x64 = Debug|x64
		Debug|x86 = Debug|x86
		Release|x64 = Release|x64
		Release|x86 = Release|x86
	EndGlobalSection
	GlobalSection(ProjectConfigurationPlatforms) = postSolution
		{1FE684B2-0EAD-4977-A2B8-D407FC40F180}.Debug|x64.ActiveCfg = Debug|x64
		{1FE684B2-0EAD-4977-A2B8-D407FC40F180}.Debug|x64.Build.0 = Debug|x64
		{1FE684B2-0EAD-4977-A2B8-D407FC40F180}.Debug|x86.ActiveCfg = Debug|Win32
		{1FE684B2-0EAD-4977-A2B8-D407FC40F180}.Debug|x86.Build.0 = Debug|Win32
		{1FE684B2-0EAD-4977-A2B8-D407FC40F180}.Release|x64.ActiveCfg = Release|x64
		{1FE684B2-0EAD-4977-A2B8-D407FC40F180}.Release|x64.Build.0 = Release|x64
		{1FE684B2-0EAD-4977-A2B8-D407FC40F180}.Release|x86.ActiveCfg = Release|Win32
		{1FE684B2-0EAD-4977-A2B8-D407FC40F180}.Release|x86.Build.0 = Release|Win32
		{50E4480E-316F-C5F6-131B-DDDC92AB14F8}.Debug|x64.ActiveCfg = Debug|x64
		{50E4480E-316F-C5F6-131B-DDDC92AB14F8}.Debug|x64.Build.0 = Debug|x64
		{50E4480E-316F-C5F6-131B-DDDC92AB14F8}.Debug|x86.ActiveCfg = Debug|Win32
		{50E4480E-316F-C5F6-131B-DDDC92AB14F8}.Debug|x86.Build.0 = Debug|Win32
		{50E4480E-316F-C5F6-131B-DDDC92AB14F8}.Release|x64.ActiveCfg = Release|x64
		{50E4480E-316F-C5F6-131B-DDDC92AB14F8}.Release|x64.Build.0 = Release|x64
		{50E4480E-316F-C5F6-131B-DDDC92AB14F8}.Release|x86.ActiveCfg = Release|Win32
		{50E4480E-316F-C5F6-131B-DDDC92AB14F8}.Release|x86.Build.0 = Release|Win32
		{8609B0CA-1A25-4227-90DC-B07C51238BB0}.Debug|x64.ActiveCfg = Debug|x64
		{8609B0CA-1A25-4227-90DC-B07C51238BB0}.Debug|x64.Build.0 = Debug|x64
		{8609B0CA-1A25-4227-90DC-B07C51238BB0}.Debug|x86.ActiveCfg = Debug|Win32
		{8609B0CA-1A25-4227-90DC-B07C51238BB0}.Debug|x86.Build.0 = Debug|Win32
		{8609B0CA-1A25-4227-90DC-B07C51238BB0}.Release|x64.ActiveCfg = Release|x64
		{8609B0CA-1A25-4227-90DC-B07C51238BB0}.Release|x64.Build.0 = Release|x64
		{8609B0CA-1A25-4227-90DC-B07C51238BB0}.Release|x86.ActiveCfg = Release|Win32
		{8609B0CA-1A25-4227-90DC-B07C51238BB0}.Release|x86.Build.0 = Release|Win32
	EndGlobalSection
	GlobalSection(SolutionProperties) = preSolution
		HideSolutionNode = FALSE
	EndGlobalSection
	GlobalSection(ExtensibilityGlobals) = postSolution
		SolutionGuid = {15BE5322-19CA-439D-BAC3-6488B9DB3B61}
	EndGlobalSection
EndGlobal
